
Microsoft Visual Studio Solution File, Format Version 12.00
# Visual Studio 15
VisualStudioVersion = 15.0.28307.572
MinimumVisualStudioVersion = 10.0.40219.1
Project("{FAE04EC0-301F-11D3-BF4B-00C04F79EFBC}") = "ExamWP-ASP", "ExamWP-ASP\ExamWP-ASP.csproj", "{97E4EA18-EB32-4F86-B5AB-75D64E98ED93}"
EndProject
Global
	GlobalSection(SolutionConfigurationPlatforms) = preSolution
		Debug|Any CPU = Debug|Any CPU
		Release|Any CPU = Release|Any CPU
	EndGlobalSection
	GlobalSection(ProjectConfigurationPlatforms) = postSolution
		{97E4EA18-EB32-4F86-B5AB-75D64E98ED93}.Debug|Any CPU.ActiveCfg = Debug|Any CPU
		{97E4EA18-EB32-4F86-B5AB-75D64E98ED93}.Debug|Any CPU.Build.0 = Debug|Any CPU
		{97E4EA18-EB32-4F86-B5AB-75D64E98ED93}.Release|Any CPU.ActiveCfg = Release|Any CPU
		{97E4EA18-EB32-4F86-B5AB-75D64E98ED93}.Release|Any CPU.Build.0 = Release|Any CPU
	EndGlobalSection
	GlobalSection(SolutionProperties) = preSolution
		HideSolutionNode = FALSE
	EndGlobalSection
	GlobalSection(ExtensibilityGlobals) = postSolution
		SolutionGuid = {B381F24F-64F0-4A2D-8AF9-F1438FF213EF}
	EndGlobalSection
EndGlobal
